// !$*UTF8*$!
{
	archiveVersion = 1;
	classes = {
	};
	objectVersion = 56;
	objects = {

/* Begin PBXBuildFile section */
		830244D228F97C5800479E19 /* AppDelegate.swift in Sources */ = {isa = PBXBuildFile; fileRef = 830244D128F97C5800479E19 /* AppDelegate.swift */; };
		830244D428F97C5800479E19 /* SceneDelegate.swift in Sources */ = {isa = PBXBuildFile; fileRef = 830244D328F97C5800479E19 /* SceneDelegate.swift */; };
		830244D628F97C5800479E19 /* ViewController.swift in Sources */ = {isa = PBXBuildFile; fileRef = 830244D528F97C5800479E19 /* ViewController.swift */; };
		830244DB28F97C5800479E19 /* Assets.xcassets in Resources */ = {isa = PBXBuildFile; fileRef = 830244DA28F97C5800479E19 /* Assets.xcassets */; };
		830244DE28F97C5800479E19 /* LaunchScreen.storyboard in Resources */ = {isa = PBXBuildFile; fileRef = 830244DC28F97C5800479E19 /* LaunchScreen.storyboard */; };
		830244E928F97E3300479E19 /* ApiManager.swift in Sources */ = {isa = PBXBuildFile; fileRef = 830244E828F97E3300479E19 /* ApiManager.swift */; };
		839199FD28FBEEC600DA6512 /* Users.swift in Sources */ = {isa = PBXBuildFile; fileRef = 839199FC28FBEEC600DA6512 /* Users.swift */; };
		839199FF28FBEF6500DA6512 /* Posts.swift in Sources */ = {isa = PBXBuildFile; fileRef = 839199FE28FBEF6500DA6512 /* Posts.swift */; };
		83919A0128FBEF9D00DA6512 /* Albums.swift in Sources */ = {isa = PBXBuildFile; fileRef = 83919A0028FBEF9D00DA6512 /* Albums.swift */; };
/* End PBXBuildFile section */

/* Begin PBXFileReference section */
		830244CE28F97C5800479E19 /* API manager.app */ = {isa = PBXFileReference; explicitFileType = wrapper.application; includeInIndex = 0; path = "API manager.app"; sourceTree = BUILT_PRODUCTS_DIR; };
		830244D128F97C5800479E19 /* AppDelegate.swift */ = {isa = PBXFileReference; lastKnownFileType = sourcecode.swift; path = AppDelegate.swift; sourceTree = "<group>"; };
		830244D328F97C5800479E19 /* SceneDelegate.swift */ = {isa = PBXFileReference; lastKnownFileType = sourcecode.swift; path = SceneDelegate.swift; sourceTree = "<group>"; };
		830244D528F97C5800479E19 /* ViewController.swift */ = {isa = PBXFileReference; lastKnownFileType = sourcecode.swift; path = ViewController.swift; sourceTree = "<group>"; };
		830244DA28F97C5800479E19 /* Assets.xcassets */ = {isa = PBXFileReference; lastKnownFileType = folder.assetcatalog; path = Assets.xcassets; sourceTree = "<group>"; };
		830244DD28F97C5800479E19 /* Base */ = {isa = PBXFileReference; lastKnownFileType = file.storyboard; name = Base; path = Base.lproj/LaunchScreen.storyboard; sourceTree = "<group>"; };
		830244DF28F97C5800479E19 /* Info.plist */ = {isa = PBXFileReference; lastKnownFileType = text.plist.xml; path = Info.plist; sourceTree = "<group>"; };
		830244E828F97E3300479E19 /* ApiManager.swift */ = {isa = PBXFileReference; lastKnownFileType = sourcecode.swift; path = ApiManager.swift; sourceTree = "<group>"; };
		839199FC28FBEEC600DA6512 /* Users.swift */ = {isa = PBXFileReference; lastKnownFileType = sourcecode.swift; path = Users.swift; sourceTree = "<group>"; };
		839199FE28FBEF6500DA6512 /* Posts.swift */ = {isa = PBXFileReference; lastKnownFileType = sourcecode.swift; path = Posts.swift; sourceTree = "<group>"; };
		83919A0028FBEF9D00DA6512 /* Albums.swift */ = {isa = PBXFileReference; lastKnownFileType = sourcecode.swift; path = Albums.swift; sourceTree = "<group>"; };
/* End PBXFileReference section */

/* Begin PBXFrameworksBuildPhase section */
		830244CB28F97C5800479E19 /* Frameworks */ = {
			isa = PBXFrameworksBuildPhase;
			buildActionMask = 2147483647;
			files = (
			);
			runOnlyForDeploymentPostprocessing = 0;
		};
/* End PBXFrameworksBuildPhase section */

/* Begin PBXGroup section */
		830244C528F97C5800479E19 = {
			isa = PBXGroup;
			children = (
				830244D028F97C5800479E19 /* API manager */,
				830244CF28F97C5800479E19 /* Products */,
			);
			sourceTree = "<group>";
		};
		830244CF28F97C5800479E19 /* Products */ = {
			isa = PBXGroup;
			children = (
				830244CE28F97C5800479E19 /* API manager.app */,
			);
			name = Products;
			sourceTree = "<group>";
		};
		830244D028F97C5800479E19 /* API manager */ = {
			isa = PBXGroup;
			children = (
				830244E528F97DEA00479E19 /* API */,
				830244D128F97C5800479E19 /* AppDelegate.swift */,
				830244D328F97C5800479E19 /* SceneDelegate.swift */,
				830244D528F97C5800479E19 /* ViewController.swift */,
				830244DA28F97C5800479E19 /* Assets.xcassets */,
				830244DC28F97C5800479E19 /* LaunchScreen.storyboard */,
				830244DF28F97C5800479E19 /* Info.plist */,
			);
			path = "API manager";
			sourceTree = "<group>";
		};
		830244E528F97DEA00479E19 /* API */ = {
			isa = PBXGroup;
			children = (
				830244E728F97E1700479E19 /* model */,
				830244E628F97DF700479E19 /* Services */,
			);
			path = API;
			sourceTree = "<group>";
		};
		830244E628F97DF700479E19 /* Services */ = {
			isa = PBXGroup;
			children = (
				830244E828F97E3300479E19 /* ApiManager.swift */,
			);
			path = Services;
			sourceTree = "<group>";
		};
		830244E728F97E1700479E19 /* model */ = {
			isa = PBXGroup;
			children = (
				83919A0028FBEF9D00DA6512 /* Albums.swift */,
				839199FE28FBEF6500DA6512 /* Posts.swift */,
				839199FC28FBEEC600DA6512 /* Users.swift */,
			);
			path = model;
			sourceTree = "<group>";
		};
/* End PBXGroup section */

/* Begin PBXNativeTarget section */
		830244CD28F97C5800479E19 /* API manager */ = {
			isa = PBXNativeTarget;
			buildConfigurationList = 830244E228F97C5800479E19 /* Build configuration list for PBXNativeTarget "API manager" */;
			buildPhases = (
				830244CA28F97C5800479E19 /* Sources */,
				830244CB28F97C5800479E19 /* Frameworks */,
				830244CC28F97C5800479E19 /* Resources */,
			);
			buildRules = (
			);
			dependencies = (
			);
			name = "API manager";
			productName = "API manager";
			productReference = 830244CE28F97C5800479E19 /* API manager.app */;
			productType = "com.apple.product-type.application";
		};
/* End PBXNativeTarget section */

/* Begin PBXProject section */
		830244C628F97C5800479E19 /* Project object */ = {
			isa = PBXProject;
			attributes = {
				BuildIndependentTargetsInParallel = 1;
				LastSwiftUpdateCheck = 1400;
				LastUpgradeCheck = 1400;
				TargetAttributes = {
					830244CD28F97C5800479E19 = {
						CreatedOnToolsVersion = 14.0.1;
					};
				};
			};
			buildConfigurationList = 830244C928F97C5800479E19 /* Build configuration list for PBXProject "API manager" */;
			compatibilityVersion = "Xcode 14.0";
			developmentRegion = en;
			hasScannedForEncodings = 0;
			knownRegions = (
				en,
				Base,
			);
			mainGroup = 830244C528F97C5800479E19;
			productRefGroup = 830244CF28F97C5800479E19 /* Products */;
			projectDirPath = "";
			projectRoot = "";
			targets = (
				830244CD28F97C5800479E19 /* API manager */,
			);
		};
/* End PBXProject section */

/* Begin PBXResourcesBuildPhase section */
		830244CC28F97C5800479E19 /* Resources */ = {
			isa = PBXResourcesBuildPhase;
			buildActionMask = 2147483647;
			files = (
				830244DE28F97C5800479E19 /* LaunchScreen.storyboard in Resources */,
				830244DB28F97C5800479E19 /* Assets.xcassets in Resources */,
			);
			runOnlyForDeploymentPostprocessing = 0;
		};
/* End PBXResourcesBuildPhase section */

/* Begin PBXSourcesBuildPhase section */
		830244CA28F97C5800479E19 /* Sources */ = {
			isa = PBXSourcesBuildPhase;
			buildActionMask = 2147483647;
			files = (
				830244E928F97E3300479E19 /* ApiManager.swift in Sources */,
				839199FF28FBEF6500DA6512 /* Posts.swift in Sources */,
				830244D628F97C5800479E19 /* ViewController.swift in Sources */,
				839199FD28FBEEC600DA6512 /* Users.swift in Sources */,
				83919A0128FBEF9D00DA6512 /* Albums.swift in Sources */,
				830244D228F97C5800479E19 /* AppDelegate.swift in Sources */,
				830244D428F97C5800479E19 /* SceneDelegate.swift in Sources */,
			);
			runOnlyForDeploymentPostprocessing = 0;
		};
/* End PBXSourcesBuildPhase section */

/* Begin PBXVariantGroup section */
		830244DC28F97C5800479E19 /* LaunchScreen.storyboard */ = {
			isa = PBXVariantGroup;
			children = (
				830244DD28F97C5800479E19 /* Base */,
			);
			name = LaunchScreen.storyboard;
			sourceTree = "<group>";
		};
/* End PBXVariantGroup section */

/* Begin XCBuildConfiguration section */
		830244E028F97C5800479E19 /* Debug */ = {
			isa = XCBuildConfiguration;
			buildSettings = {
				ALWAYS_SEARCH_USER_PATHS = NO;
				CLANG_ANALYZER_NONNULL = YES;
				CLANG_ANALYZER_NUMBER_OBJECT_CONVERSION = YES_AGGRESSIVE;
				CLANG_CXX_LANGUAGE_STANDARD = "gnu++20";
				CLANG_ENABLE_MODULES = YES;
				CLANG_ENABLE_OBJC_ARC = YES;
				CLANG_ENABLE_OBJC_WEAK = YES;
				CLANG_WARN_BLOCK_CAPTURE_AUTORELEASING = YES;
				CLANG_WARN_BOOL_CONVERSION = YES;
				CLANG_WARN_COMMA = YES;
				CLANG_WARN_CONSTANT_CONVERSION = YES;
				CLANG_WARN_DEPRECATED_OBJC_IMPLEMENTATIONS = YES;
				CLANG_WARN_DIRECT_OBJC_ISA_USAGE = YES_ERROR;
				CLANG_WARN_DOCUMENTATION_COMMENTS = YES;
				CLANG_WARN_EMPTY_BODY = YES;
				CLANG_WARN_ENUM_CONVERSION = YES;
				CLANG_WARN_INFINITE_RECURSION = YES;
				CLANG_WARN_INT_CONVERSION = YES;
				CLANG_WARN_NON_LITERAL_NULL_CONVERSION = YES;
				CLANG_WARN_OBJC_IMPLICIT_RETAIN_SELF = YES;
				CLANG_WARN_OBJC_LITERAL_CONVERSION = YES;
				CLANG_WARN_OBJC_ROOT_CLASS = YES_ERROR;
				CLANG_WARN_QUOTED_INCLUDE_IN_FRAMEWORK_HEADER = YES;
				CLANG_WARN_RANGE_LOOP_ANALYSIS = YES;
				CLANG_WARN_STRICT_PROTOTYPES = YES;
				CLANG_WARN_SUSPICIOUS_MOVE = YES;
				CLANG_WARN_UNGUARDED_AVAILABILITY = YES_AGGRESSIVE;
				CLANG_WARN_UNREACHABLE_CODE = YES;
				CLANG_WARN__DUPLICATE_METHOD_MATCH = YES;
				COPY_PHASE_STRIP = NO;
				DEBUG_INFORMATION_FORMAT = dwarf;
				ENABLE_STRICT_OBJC_MSGSEND = YES;
				ENABLE_TESTABILITY = YES;
				GCC_C_LANGUAGE_STANDARD = gnu11;
				GCC_DYNAMIC_NO_PIC = NO;
				GCC_NO_COMMON_BLOCKS = YES;
				GCC_OPTIMIZATION_LEVEL = 0;
				GCC_PREPROCESSOR_DEFINITIONS = (
					"DEBUG=1",
					"$(inherited)",
				);
				GCC_WARN_64_TO_32_BIT_CONVERSION = YES;
				GCC_WARN_ABOUT_RETURN_TYPE = YES_ERROR;
				GCC_WARN_UNDECLARED_SELECTOR = YES;
				GCC_WARN_UNINITIALIZED_AUTOS = YES_AGGRESSIVE;
				GCC_WARN_UNUSED_FUNCTION = YES;
				GCC_WARN_UNUSED_VARIABLE = YES;
				IPHONEOS_DEPLOYMENT_TARGET = 16.0;
				MTL_ENABLE_DEBUG_INFO = INCLUDE_SOURCE;
				MTL_FAST_MATH = YES;
				ONLY_ACTIVE_ARCH = YES;
				SDKROOT = iphoneos;
				SWIFT_ACTIVE_COMPILATION_CONDITIONS = DEBUG;
				SWIFT_OPTIMIZATION_LEVEL = "-Onone";
			};
			name = Debug;
		};
		830244E128F97C5800479E19 /* Release */ = {
			isa = XCBuildConfiguration;
			buildSettings = {
				ALWAYS_SEARCH_USER_PATHS = NO;
				CLANG_ANALYZER_NONNULL = YES;
				CLANG_ANALYZER_NUMBER_OBJECT_CONVERSION = YES_AGGRESSIVE;
				CLANG_CXX_LANGUAGE_STANDARD = "gnu++20";
				CLANG_ENABLE_MODULES = YES;
				CLANG_ENABLE_OBJC_ARC = YES;
				CLANG_ENABLE_OBJC_WEAK = YES;
				CLANG_WARN_BLOCK_CAPTURE_AUTORELEASING = YES;
				CLANG_WARN_BOOL_CONVERSION = YES;
				CLANG_WARN_COMMA = YES;
				CLANG_WARN_CONSTANT_CONVERSION = YES;
				CLANG_WARN_DEPRECATED_OBJC_IMPLEMENTATIONS = YES;
				CLANG_WARN_DIRECT_OBJC_ISA_USAGE = YES_ERROR;
				CLANG_WARN_DOCUMENTATION_COMMENTS = YES;
				CLANG_WARN_EMPTY_BODY = YES;
				CLANG_WARN_ENUM_CONVERSION = YES;
				CLANG_WARN_INFINITE_RECURSION = YES;
				CLANG_WARN_INT_CONVERSION = YES;
				CLANG_WARN_NON_LITERAL_NULL_CONVERSION = YES;
				CLANG_WARN_OBJC_IMPLICIT_RETAIN_SELF = YES;
				CLANG_WARN_OBJC_LITERAL_CONVERSION = YES;
				CLANG_WARN_OBJC_ROOT_CLASS = YES_ERROR;
				CLANG_WARN_QUOTED_INCLUDE_IN_FRAMEWORK_HEADER = YES;
				CLANG_WARN_RANGE_LOOP_ANALYSIS = YES;
				CLANG_WARN_STRICT_PROTOTYPES = YES;
				CLANG_WARN_SUSPICIOUS_MOVE = YES;
				CLANG_WARN_UNGUARDED_AVAILABILITY = YES_AGGRESSIVE;
				CLANG_WARN_UNREACHABLE_CODE = YES;
				CLANG_WARN__DUPLICATE_METHOD_MATCH = YES;
				COPY_PHASE_STRIP = NO;
				DEBUG_INFORMATION_FORMAT = "dwarf-with-dsym";
				ENABLE_NS_ASSERTIONS = NO;
				ENABLE_STRICT_OBJC_MSGSEND = YES;
				GCC_C_LANGUAGE_STANDARD = gnu11;
				GCC_NO_COMMON_BLOCKS = YES;
				GCC_WARN_64_TO_32_BIT_CONVERSION = YES;
				GCC_WARN_ABOUT_RETURN_TYPE = YES_ERROR;
				GCC_WARN_UNDECLARED_SELECTOR = YES;
				GCC_WARN_UNINITIALIZED_AUTOS = YES_AGGRESSIVE;
				GCC_WARN_UNUSED_FUNCTION = YES;
				GCC_WARN_UNUSED_VARIABLE = YES;
				IPHONEOS_DEPLOYMENT_TARGET = 16.0;
				MTL_ENABLE_DEBUG_INFO = NO;
				MTL_FAST_MATH = YES;
				SDKROOT = iphoneos;
				SWIFT_COMPILATION_MODE = wholemodule;
				SWIFT_OPTIMIZATION_LEVEL = "-O";
				VALIDATE_PRODUCT = YES;
			};
			name = Release;
		};
		830244E328F97C5800479E19 /* Debug */ = {
			isa = XCBuildConfiguration;
			buildSettings = {
				ASSETCATALOG_COMPILER_APPICON_NAME = AppIcon;
				ASSETCATALOG_COMPILER_GLOBAL_ACCENT_COLOR_NAME = AccentColor;
				CODE_SIGN_STYLE = Automatic;
				CURRENT_PROJECT_VERSION = 1;
				GENERATE_INFOPLIST_FILE = YES;
				INFOPLIST_FILE = "API manager/Info.plist";
				INFOPLIST_KEY_UIApplicationSupportsIndirectInputEvents = YES;
				INFOPLIST_KEY_UILaunchStoryboardName = LaunchScreen;
				INFOPLIST_KEY_UISupportedInterfaceOrientations_iPad = "UIInterfaceOrientationPortrait UIInterfaceOrientationPortraitUpsideDown UIInterfaceOrientationLandscapeLeft UIInterfaceOrientationLandscapeRight";
				INFOPLIST_KEY_UISupportedInterfaceOrientations_iPhone = "UIInterfaceOrientationPortrait UIInterfaceOrientationLandscapeLeft UIInterfaceOrientationLandscapeRight";
				LD_RUNPATH_SEARCH_PATHS = (
					"$(inherited)",
					"@executable_path/Frameworks",
				);
				MARKETING_VERSION = 1.0;
				PRODUCT_BUNDLE_IDENTIFIER = "ioCorp.API-manager";
				PRODUCT_NAME = "$(TARGET_NAME)";
				SWIFT_EMIT_LOC_STRINGS = YES;
				SWIFT_VERSION = 5.0;
				TARGETED_DEVICE_FAMILY = "1,2";
			};
			name = Debug;
		};
		830244E428F97C5800479E19 /* Release */ = {
			isa = XCBuildConfiguration;
			buildSettings = {
				ASSETCATALOG_COMPILER_APPICON_NAME = AppIcon;
				ASSETCATALOG_COMPILER_GLOBAL_ACCENT_COLOR_NAME = AccentColor;
				CODE_SIGN_STYLE = Automatic;
				CURRENT_PROJECT_VERSION = 1;
				GENERATE_INFOPLIST_FILE = YES;
				INFOPLIST_FILE = "API manager/Info.plist";
				INFOPLIST_KEY_UIApplicationSupportsIndirectInputEvents = YES;
				INFOPLIST_KEY_UILaunchStoryboardName = LaunchScreen;
				INFOPLIST_KEY_UISupportedInterfaceOrientations_iPad = "UIInterfaceOrientationPortrait UIInterfaceOrientationPortraitUpsideDown UIInterfaceOrientationLandscapeLeft UIInterfaceOrientationLandscapeRight";
				INFOPLIST_KEY_UISupportedInterfaceOrientations_iPhone = "UIInterfaceOrientationPortrait UIInterfaceOrientationLandscapeLeft UIInterfaceOrientationLandscapeRight";
				LD_RUNPATH_SEARCH_PATHS = (
					"$(inherited)",
					"@executable_path/Frameworks",
				);
				MARKETING_VERSION = 1.0;
				PRODUCT_BUNDLE_IDENTIFIER = "ioCorp.API-manager";
				PRODUCT_NAME = "$(TARGET_NAME)";
				SWIFT_EMIT_LOC_STRINGS = YES;
				SWIFT_VERSION = 5.0;
				TARGETED_DEVICE_FAMILY = "1,2";
			};
			name = Release;
		};
/* End XCBuildConfiguration section */

/* Begin XCConfigurationList section */
		830244C928F97C5800479E19 /* Build configuration list for PBXProject "API manager" */ = {
			isa = XCConfigurationList;
			buildConfigurations = (
				830244E028F97C5800479E19 /* Debug */,
				830244E128F97C5800479E19 /* Release */,
			);
			defaultConfigurationIsVisible = 0;
			defaultConfigurationName = Release;
		};
		830244E228F97C5800479E19 /* Build configuration list for PBXNativeTarget "API manager" */ = {
			isa = XCConfigurationList;
			buildConfigurations = (
				830244E328F97C5800479E19 /* Debug */,
				830244E428F97C5800479E19 /* Release */,
			);
			defaultConfigurationIsVisible = 0;
			defaultConfigurationName = Release;
		};
/* End XCConfigurationList section */
	};
	rootObject = 830244C628F97C5800479E19 /* Project object */;
}
